// !$*UTF8*$!
{
	archiveVersion = 1;
	classes = {
	};
	objectVersion = 56;
	objects = {

/* Begin PBXBuildFile section */
		1D6124242CB6D93D00FCCA9D /* Card.swift in Sources */ = {isa = PBXBuildFile; fileRef = 1D6124232CB6D93D00FCCA9D /* Card.swift */; };
		1D6124262CB6DBBD00FCCA9D /* CardView.swift in Sources */ = {isa = PBXBuildFile; fileRef = 1D6124252CB6DBBD00FCCA9D /* CardView.swift */; };
		1DB5C2632CB5AEAB008F4F9A /* FlashCardsApp.swift in Sources */ = {isa = PBXBuildFile; fileRef = 1DB5C2622CB5AEAB008F4F9A /* FlashCardsApp.swift */; };
		1DB5C2652CB5AEAB008F4F9A /* ContentView.swift in Sources */ = {isa = PBXBuildFile; fileRef = 1DB5C2642CB5AEAB008F4F9A /* ContentView.swift */; };
		1DB5C2672CB5AEAC008F4F9A /* Assets.xcassets in Resources */ = {isa = PBXBuildFile; fileRef = 1DB5C2662CB5AEAC008F4F9A /* Assets.xcassets */; };
		1DB5C26A2CB5AEAC008F4F9A /* Preview Assets.xcassets in Resources */ = {isa = PBXBuildFile; fileRef = 1DB5C2692CB5AEAC008F4F9A /* Preview Assets.xcassets */; };
		1DB5C2742CB5AEAC008F4F9A /* FlashCardsTests.swift in Sources */ = {isa = PBXBuildFile; fileRef = 1DB5C2732CB5AEAC008F4F9A /* FlashCardsTests.swift */; };
		1DB5C27E2CB5AEAC008F4F9A /* FlashCardsUITests.swift in Sources */ = {isa = PBXBuildFile; fileRef = 1DB5C27D2CB5AEAC008F4F9A /* FlashCardsUITests.swift */; };
		1DB5C2802CB5AEAC008F4F9A /* FlashCardsUITestsLaunchTests.swift in Sources */ = {isa = PBXBuildFile; fileRef = 1DB5C27F2CB5AEAC008F4F9A /* FlashCardsUITestsLaunchTests.swift */; };
/* End PBXBuildFile section */

/* Begin PBXContainerItemProxy section */
		1DB5C2702CB5AEAC008F4F9A /* PBXContainerItemProxy */ = {
			isa = PBXContainerItemProxy;
			containerPortal = 1DB5C2572CB5AEAB008F4F9A /* Project object */;
			proxyType = 1;
			remoteGlobalIDString = 1DB5C25E2CB5AEAB008F4F9A;
			remoteInfo = FlashCards;
		};
		1DB5C27A2CB5AEAC008F4F9A /* PBXContainerItemProxy */ = {
			isa = PBXContainerItemProxy;
			containerPortal = 1DB5C2572CB5AEAB008F4F9A /* Project object */;
			proxyType = 1;
			remoteGlobalIDString = 1DB5C25E2CB5AEAB008F4F9A;
			remoteInfo = FlashCards;
		};
/* End PBXContainerItemProxy section */

/* Begin PBXFileReference section */
		1D6124232CB6D93D00FCCA9D /* Card.swift */ = {isa = PBXFileReference; lastKnownFileType = sourcecode.swift; path = Card.swift; sourceTree = "<group>"; };
		1D6124252CB6DBBD00FCCA9D /* CardView.swift */ = {isa = PBXFileReference; lastKnownFileType = sourcecode.swift; path = CardView.swift; sourceTree = "<group>"; };
		1DB5C25F2CB5AEAB008F4F9A /* FlashCards.app */ = {isa = PBXFileReference; explicitFileType = wrapper.application; includeInIndex = 0; path = FlashCards.app; sourceTree = BUILT_PRODUCTS_DIR; };
		1DB5C2622CB5AEAB008F4F9A /* FlashCardsApp.swift */ = {isa = PBXFileReference; lastKnownFileType = sourcecode.swift; path = FlashCardsApp.swift; sourceTree = "<group>"; };
		1DB5C2642CB5AEAB008F4F9A /* ContentView.swift */ = {isa = PBXFileReference; lastKnownFileType = sourcecode.swift; path = ContentView.swift; sourceTree = "<group>"; };
		1DB5C2662CB5AEAC008F4F9A /* Assets.xcassets */ = {isa = PBXFileReference; lastKnownFileType = folder.assetcatalog; path = Assets.xcassets; sourceTree = "<group>"; };
		1DB5C2692CB5AEAC008F4F9A /* Preview Assets.xcassets */ = {isa = PBXFileReference; lastKnownFileType = folder.assetcatalog; path = "Preview Assets.xcassets"; sourceTree = "<group>"; };
		1DB5C26F2CB5AEAC008F4F9A /* FlashCardsTests.xctest */ = {isa = PBXFileReference; explicitFileType = wrapper.cfbundle; includeInIndex = 0; path = FlashCardsTests.xctest; sourceTree = BUILT_PRODUCTS_DIR; };
		1DB5C2732CB5AEAC008F4F9A /* FlashCardsTests.swift */ = {isa = PBXFileReference; lastKnownFileType = sourcecode.swift; path = FlashCardsTests.swift; sourceTree = "<group>"; };
		1DB5C2792CB5AEAC008F4F9A /* FlashCardsUITests.xctest */ = {isa = PBXFileReference; explicitFileType = wrapper.cfbundle; includeInIndex = 0; path = FlashCardsUITests.xctest; sourceTree = BUILT_PRODUCTS_DIR; };
		1DB5C27D2CB5AEAC008F4F9A /* FlashCardsUITests.swift */ = {isa = PBXFileReference; lastKnownFileType = sourcecode.swift; path = FlashCardsUITests.swift; sourceTree = "<group>"; };
		1DB5C27F2CB5AEAC008F4F9A /* FlashCardsUITestsLaunchTests.swift */ = {isa = PBXFileReference; lastKnownFileType = sourcecode.swift; path = FlashCardsUITestsLaunchTests.swift; sourceTree = "<group>"; };
/* End PBXFileReference section */

/* Begin PBXFrameworksBuildPhase section */
		1DB5C25C2CB5AEAB008F4F9A /* Frameworks */ = {
			isa = PBXFrameworksBuildPhase;
			buildActionMask = 2147483647;
			files = (
			);
			runOnlyForDeploymentPostprocessing = 0;
		};
		1DB5C26C2CB5AEAC008F4F9A /* Frameworks */ = {
			isa = PBXFrameworksBuildPhase;
			buildActionMask = 2147483647;
			files = (
			);
			runOnlyForDeploymentPostprocessing = 0;
		};
		1DB5C2762CB5AEAC008F4F9A /* Frameworks */ = {
			isa = PBXFrameworksBuildPhase;
			buildActionMask = 2147483647;
			files = (
			);
			runOnlyForDeploymentPostprocessing = 0;
		};
/* End PBXFrameworksBuildPhase section */

/* Begin PBXGroup section */
		1DB5C2562CB5AEAB008F4F9A = {
			isa = PBXGroup;
			children = (
				1DB5C2612CB5AEAB008F4F9A /* FlashCards */,
				1DB5C2722CB5AEAC008F4F9A /* FlashCardsTests */,
				1DB5C27C2CB5AEAC008F4F9A /* FlashCardsUITests */,
				1DB5C2602CB5AEAB008F4F9A /* Products */,
			);
			sourceTree = "<group>";
		};
		1DB5C2602CB5AEAB008F4F9A /* Products */ = {
			isa = PBXGroup;
			children = (
				1DB5C25F2CB5AEAB008F4F9A /* FlashCards.app */,
				1DB5C26F2CB5AEAC008F4F9A /* FlashCardsTests.xctest */,
				1DB5C2792CB5AEAC008F4F9A /* FlashCardsUITests.xctest */,
			);
			name = Products;
			sourceTree = "<group>";
		};
		1DB5C2612CB5AEAB008F4F9A /* FlashCards */ = {
			isa = PBXGroup;
			children = (
				1DB5C2622CB5AEAB008F4F9A /* FlashCardsApp.swift */,
				1D6124252CB6DBBD00FCCA9D /* CardView.swift */,
				1D6124232CB6D93D00FCCA9D /* Card.swift */,
				1DB5C2642CB5AEAB008F4F9A /* ContentView.swift */,
				1DB5C2662CB5AEAC008F4F9A /* Assets.xcassets */,
				1DB5C2682CB5AEAC008F4F9A /* Preview Content */,
			);
			path = FlashCards;
			sourceTree = "<group>";
		};
		1DB5C2682CB5AEAC008F4F9A /* Preview Content */ = {
			isa = PBXGroup;
			children = (
				1DB5C2692CB5AEAC008F4F9A /* Preview Assets.xcassets */,
			);
			path = "Preview Content";
			sourceTree = "<group>";
		};
		1DB5C2722CB5AEAC008F4F9A /* FlashCardsTests */ = {
			isa = PBXGroup;
			children = (
				1DB5C2732CB5AEAC008F4F9A /* FlashCardsTests.swift */,
			);
			path = FlashCardsTests;
			sourceTree = "<group>";
		};
		1DB5C27C2CB5AEAC008F4F9A /* FlashCardsUITests */ = {
			isa = PBXGroup;
			children = (
				1DB5C27D2CB5AEAC008F4F9A /* FlashCardsUITests.swift */,
				1DB5C27F2CB5AEAC008F4F9A /* FlashCardsUITestsLaunchTests.swift */,
			);
			path = FlashCardsUITests;
			sourceTree = "<group>";
		};
/* End PBXGroup section */

/* Begin PBXNativeTarget section */
		1DB5C25E2CB5AEAB008F4F9A /* FlashCards */ = {
			isa = PBXNativeTarget;
			buildConfigurationList = 1DB5C2832CB5AEAC008F4F9A /* Build configuration list for PBXNativeTarget "FlashCards" */;
			buildPhases = (
				1DB5C25B2CB5AEAB008F4F9A /* Sources */,
				1DB5C25C2CB5AEAB008F4F9A /* Frameworks */,
				1DB5C25D2CB5AEAB008F4F9A /* Resources */,
			);
			buildRules = (
			);
			dependencies = (
			);
			name = FlashCards;
			productName = FlashCards;
			productReference = 1DB5C25F2CB5AEAB008F4F9A /* FlashCards.app */;
			productType = "com.apple.product-type.application";
		};
		1DB5C26E2CB5AEAC008F4F9A /* FlashCardsTests */ = {
			isa = PBXNativeTarget;
			buildConfigurationList = 1DB5C2862CB5AEAC008F4F9A /* Build configuration list for PBXNativeTarget "FlashCardsTests" */;
			buildPhases = (
				1DB5C26B2CB5AEAC008F4F9A /* Sources */,
				1DB5C26C2CB5AEAC008F4F9A /* Frameworks */,
				1DB5C26D2CB5AEAC008F4F9A /* Resources */,
			);
			buildRules = (
			);
			dependencies = (
				1DB5C2712CB5AEAC008F4F9A /* PBXTargetDependency */,
			);
			name = FlashCardsTests;
			productName = FlashCardsTests;
			productReference = 1DB5C26F2CB5AEAC008F4F9A /* FlashCardsTests.xctest */;
			productType = "com.apple.product-type.bundle.unit-test";
		};
		1DB5C2782CB5AEAC008F4F9A /* FlashCardsUITests */ = {
			isa = PBXNativeTarget;
			buildConfigurationList = 1DB5C2892CB5AEAC008F4F9A /* Build configuration list for PBXNativeTarget "FlashCardsUITests" */;
			buildPhases = (
				1DB5C2752CB5AEAC008F4F9A /* Sources */,
				1DB5C2762CB5AEAC008F4F9A /* Frameworks */,
				1DB5C2772CB5AEAC008F4F9A /* Resources */,
			);
			buildRules = (
			);
			dependencies = (
				1DB5C27B2CB5AEAC008F4F9A /* PBXTargetDependency */,
			);
			name = FlashCardsUITests;
			productName = FlashCardsUITests;
			productReference = 1DB5C2792CB5AEAC008F4F9A /* FlashCardsUITests.xctest */;
			productType = "com.apple.product-type.bundle.ui-testing";
		};
/* End PBXNativeTarget section */

/* Begin PBXProject section */
		1DB5C2572CB5AEAB008F4F9A /* Project object */ = {
			isa = PBXProject;
			attributes = {
				BuildIndependentTargetsInParallel = 1;
				LastSwiftUpdateCheck = 1500;
				LastUpgradeCheck = 1500;
				TargetAttributes = {
					1DB5C25E2CB5AEAB008F4F9A = {
						CreatedOnToolsVersion = 15.0;
					};
					1DB5C26E2CB5AEAC008F4F9A = {
						CreatedOnToolsVersion = 15.0;
						TestTargetID = 1DB5C25E2CB5AEAB008F4F9A;
					};
					1DB5C2782CB5AEAC008F4F9A = {
						CreatedOnToolsVersion = 15.0;
						TestTargetID = 1DB5C25E2CB5AEAB008F4F9A;
					};
				};
			};
			buildConfigurationList = 1DB5C25A2CB5AEAB008F4F9A /* Build configuration list for PBXProject "FlashCards" */;
			compatibilityVersion = "Xcode 14.0";
			developmentRegion = en;
			hasScannedForEncodings = 0;
			knownRegions = (
				en,
				Base,
			);
			mainGroup = 1DB5C2562CB5AEAB008F4F9A;
			productRefGroup = 1DB5C2602CB5AEAB008F4F9A /* Products */;
			projectDirPath = "";
			projectRoot = "";
			targets = (
				1DB5C25E2CB5AEAB008F4F9A /* FlashCards */,
				1DB5C26E2CB5AEAC008F4F9A /* FlashCardsTests */,
				1DB5C2782CB5AEAC008F4F9A /* FlashCardsUITests */,
			);
		};
/* End PBXProject section */

/* Begin PBXResourcesBuildPhase section */
		1DB5C25D2CB5AEAB008F4F9A /* Resources */ = {
			isa = PBXResourcesBuildPhase;
			buildActionMask = 2147483647;
			files = (
				1DB5C26A2CB5AEAC008F4F9A /* Preview Assets.xcassets in Resources */,
				1DB5C2672CB5AEAC008F4F9A /* Assets.xcassets in Resources */,
			);
			runOnlyForDeploymentPostprocessing = 0;
		};
		1DB5C26D2CB5AEAC008F4F9A /* Resources */ = {
			isa = PBXResourcesBuildPhase;
			buildActionMask = 2147483647;
			files = (
			);
			runOnlyForDeploymentPostprocessing = 0;
		};
		1DB5C2772CB5AEAC008F4F9A /* Resources */ = {
			isa = PBXResourcesBuildPhase;
			buildActionMask = 2147483647;
			files = (
			);
			runOnlyForDeploymentPostprocessing = 0;
		};
/* End PBXResourcesBuildPhase section */

/* Begin PBXSourcesBuildPhase section */
		1DB5C25B2CB5AEAB008F4F9A /* Sources */ = {
			isa = PBXSourcesBuildPhase;
			buildActionMask = 2147483647;
			files = (
				1DB5C2652CB5AEAB008F4F9A /* ContentView.swift in Sources */,
				1D6124242CB6D93D00FCCA9D /* Card.swift in Sources */,
				1D6124262CB6DBBD00FCCA9D /* CardView.swift in Sources */,
				1DB5C2632CB5AEAB008F4F9A /* FlashCardsApp.swift in Sources */,
			);
			runOnlyForDeploymentPostprocessing = 0;
		};
		1DB5C26B2CB5AEAC008F4F9A /* Sources */ = {
			isa = PBXSourcesBuildPhase;
			buildActionMask = 2147483647;
			files = (
				1DB5C2742CB5AEAC008F4F9A /* FlashCardsTests.swift in Sources */,
			);
			runOnlyForDeploymentPostprocessing = 0;
		};
		1DB5C2752CB5AEAC008F4F9A /* Sources */ = {
			isa = PBXSourcesBuildPhase;
			buildActionMask = 2147483647;
			files = (
				1DB5C27E2CB5AEAC008F4F9A /* FlashCardsUITests.swift in Sources */,
				1DB5C2802CB5AEAC008F4F9A /* FlashCardsUITestsLaunchTests.swift in Sources */,
			);
			runOnlyForDeploymentPostprocessing = 0;
		};
/* End PBXSourcesBuildPhase section */

/* Begin PBXTargetDependency section */
		1DB5C2712CB5AEAC008F4F9A /* PBXTargetDependency */ = {
			isa = PBXTargetDependency;
			target = 1DB5C25E2CB5AEAB008F4F9A /* FlashCards */;
			targetProxy = 1DB5C2702CB5AEAC008F4F9A /* PBXContainerItemProxy */;
		};
		1DB5C27B2CB5AEAC008F4F9A /* PBXTargetDependency */ = {
			isa = PBXTargetDependency;
			target = 1DB5C25E2CB5AEAB008F4F9A /* FlashCards */;
			targetProxy = 1DB5C27A2CB5AEAC008F4F9A /* PBXContainerItemProxy */;
		};
/* End PBXTargetDependency section */

/* Begin XCBuildConfiguration section */
		1DB5C2812CB5AEAC008F4F9A /* Debug */ = {
			isa = XCBuildConfiguration;
			buildSettings = {
				ALWAYS_SEARCH_USER_PATHS = NO;
				ASSETCATALOG_COMPILER_GENERATE_SWIFT_ASSET_SYMBOL_EXTENSIONS = YES;
				CLANG_ANALYZER_NONNULL = YES;
				CLANG_ANALYZER_NUMBER_OBJECT_CONVERSION = YES_AGGRESSIVE;
				CLANG_CXX_LANGUAGE_STANDARD = "gnu++20";
				CLANG_ENABLE_MODULES = YES;
				CLANG_ENABLE_OBJC_ARC = YES;
				CLANG_ENABLE_OBJC_WEAK = YES;
				CLANG_WARN_BLOCK_CAPTURE_AUTORELEASING = YES;
				CLANG_WARN_BOOL_CONVERSION = YES;
				CLANG_WARN_COMMA = YES;
				CLANG_WARN_CONSTANT_CONVERSION = YES;
				CLANG_WARN_DEPRECATED_OBJC_IMPLEMENTATIONS = YES;
				CLANG_WARN_DIRECT_OBJC_ISA_USAGE = YES_ERROR;
				CLANG_WARN_DOCUMENTATION_COMMENTS = YES;
				CLANG_WARN_EMPTY_BODY = YES;
				CLANG_WARN_ENUM_CONVERSION = YES;
				CLANG_WARN_INFINITE_RECURSION = YES;
				CLANG_WARN_INT_CONVERSION = YES;
				CLANG_WARN_NON_LITERAL_NULL_CONVERSION = YES;
				CLANG_WARN_OBJC_IMPLICIT_RETAIN_SELF = YES;
				CLANG_WARN_OBJC_LITERAL_CONVERSION = YES;
				CLANG_WARN_OBJC_ROOT_CLASS = YES_ERROR;
				CLANG_WARN_QUOTED_INCLUDE_IN_FRAMEWORK_HEADER = YES;
				CLANG_WARN_RANGE_LOOP_ANALYSIS = YES;
				CLANG_WARN_STRICT_PROTOTYPES = YES;
				CLANG_WARN_SUSPICIOUS_MOVE = YES;
				CLANG_WARN_UNGUARDED_AVAILABILITY = YES_AGGRESSIVE;
				CLANG_WARN_UNREACHABLE_CODE = YES;
				CLANG_WARN__DUPLICATE_METHOD_MATCH = YES;
				COPY_PHASE_STRIP = NO;
				DEBUG_INFORMATION_FORMAT = dwarf;
				ENABLE_STRICT_OBJC_MSGSEND = YES;
				ENABLE_TESTABILITY = YES;
				ENABLE_USER_SCRIPT_SANDBOXING = YES;
				GCC_C_LANGUAGE_STANDARD = gnu17;
				GCC_DYNAMIC_NO_PIC = NO;
				GCC_NO_COMMON_BLOCKS = YES;
				GCC_OPTIMIZATION_LEVEL = 0;
				GCC_PREPROCESSOR_DEFINITIONS = (
					"DEBUG=1",
					"$(inherited)",
				);
				GCC_WARN_64_TO_32_BIT_CONVERSION = YES;
				GCC_WARN_ABOUT_RETURN_TYPE = YES_ERROR;
				GCC_WARN_UNDECLARED_SELECTOR = YES;
				GCC_WARN_UNINITIALIZED_AUTOS = YES_AGGRESSIVE;
				GCC_WARN_UNUSED_FUNCTION = YES;
				GCC_WARN_UNUSED_VARIABLE = YES;
				IPHONEOS_DEPLOYMENT_TARGET = 17.0;
				LOCALIZATION_PREFERS_STRING_CATALOGS = YES;
				MTL_ENABLE_DEBUG_INFO = INCLUDE_SOURCE;
				MTL_FAST_MATH = YES;
				ONLY_ACTIVE_ARCH = YES;
				SDKROOT = iphoneos;
				SWIFT_ACTIVE_COMPILATION_CONDITIONS = "DEBUG $(inherited)";
				SWIFT_OPTIMIZATION_LEVEL = "-Onone";
			};
			name = Debug;
		};
		1DB5C2822CB5AEAC008F4F9A /* Release */ = {
			isa = XCBuildConfiguration;
			buildSettings = {
				ALWAYS_SEARCH_USER_PATHS = NO;
				ASSETCATALOG_COMPILER_GENERATE_SWIFT_ASSET_SYMBOL_EXTENSIONS = YES;
				CLANG_ANALYZER_NONNULL = YES;
				CLANG_ANALYZER_NUMBER_OBJECT_CONVERSION = YES_AGGRESSIVE;
				CLANG_CXX_LANGUAGE_STANDARD = "gnu++20";
				CLANG_ENABLE_MODULES = YES;
				CLANG_ENABLE_OBJC_ARC = YES;
				CLANG_ENABLE_OBJC_WEAK = YES;
				CLANG_WARN_BLOCK_CAPTURE_AUTORELEASING = YES;
				CLANG_WARN_BOOL_CONVERSION = YES;
				CLANG_WARN_COMMA = YES;
				CLANG_WARN_CONSTANT_CONVERSION = YES;
				CLANG_WARN_DEPRECATED_OBJC_IMPLEMENTATIONS = YES;
				CLANG_WARN_DIRECT_OBJC_ISA_USAGE = YES_ERROR;
				CLANG_WARN_DOCUMENTATION_COMMENTS = YES;
				CLANG_WARN_EMPTY_BODY = YES;
				CLANG_WARN_ENUM_CONVERSION = YES;
				CLANG_WARN_INFINITE_RECURSION = YES;
				CLANG_WARN_INT_CONVERSION = YES;
				CLANG_WARN_NON_LITERAL_NULL_CONVERSION = YES;
				CLANG_WARN_OBJC_IMPLICIT_RETAIN_SELF = YES;
				CLANG_WARN_OBJC_LITERAL_CONVERSION = YES;
				CLANG_WARN_OBJC_ROOT_CLASS = YES_ERROR;
				CLANG_WARN_QUOTED_INCLUDE_IN_FRAMEWORK_HEADER = YES;
				CLANG_WARN_RANGE_LOOP_ANALYSIS = YES;
				CLANG_WARN_STRICT_PROTOTYPES = YES;
				CLANG_WARN_SUSPICIOUS_MOVE = YES;
				CLANG_WARN_UNGUARDED_AVAILABILITY = YES_AGGRESSIVE;
				CLANG_WARN_UNREACHABLE_CODE = YES;
				CLANG_WARN__DUPLICATE_METHOD_MATCH = YES;
				COPY_PHASE_STRIP = NO;
				DEBUG_INFORMATION_FORMAT = "dwarf-with-dsym";
				ENABLE_NS_ASSERTIONS = NO;
				ENABLE_STRICT_OBJC_MSGSEND = YES;
				ENABLE_USER_SCRIPT_SANDBOXING = YES;
				GCC_C_LANGUAGE_STANDARD = gnu17;
				GCC_NO_COMMON_BLOCKS = YES;
				GCC_WARN_64_TO_32_BIT_CONVERSION = YES;
				GCC_WARN_ABOUT_RETURN_TYPE = YES_ERROR;
				GCC_WARN_UNDECLARED_SELECTOR = YES;
				GCC_WARN_UNINITIALIZED_AUTOS = YES_AGGRESSIVE;
				GCC_WARN_UNUSED_FUNCTION = YES;
				GCC_WARN_UNUSED_VARIABLE = YES;
				IPHONEOS_DEPLOYMENT_TARGET = 17.0;
				LOCALIZATION_PREFERS_STRING_CATALOGS = YES;
				MTL_ENABLE_DEBUG_INFO = NO;
				MTL_FAST_MATH = YES;
				SDKROOT = iphoneos;
				SWIFT_COMPILATION_MODE = wholemodule;
				VALIDATE_PRODUCT = YES;
			};
			name = Release;
		};
		1DB5C2842CB5AEAC008F4F9A /* Debug */ = {
			isa = XCBuildConfiguration;
			buildSettings = {
				ASSETCATALOG_COMPILER_APPICON_NAME = AppIcon;
				ASSETCATALOG_COMPILER_GLOBAL_ACCENT_COLOR_NAME = AccentColor;
				CODE_SIGN_STYLE = Automatic;
				CURRENT_PROJECT_VERSION = 1;
				DEVELOPMENT_ASSET_PATHS = "\"FlashCards/Preview Content\"";
				ENABLE_PREVIEWS = YES;
				GENERATE_INFOPLIST_FILE = YES;
				INFOPLIST_KEY_UIApplicationSceneManifest_Generation = YES;
				INFOPLIST_KEY_UIApplicationSupportsIndirectInputEvents = YES;
				INFOPLIST_KEY_UILaunchScreen_Generation = YES;
				INFOPLIST_KEY_UISupportedInterfaceOrientations = "UIInterfaceOrientationLandscapeLeft UIInterfaceOrientationLandscapeRight";
				LD_RUNPATH_SEARCH_PATHS = (
					"$(inherited)",
					"@executable_path/Frameworks",
				);
				MARKETING_VERSION = 1.0;
				PRODUCT_BUNDLE_IDENTIFIER = com.naveed.flashcards.FlashCards;
				PRODUCT_NAME = "$(TARGET_NAME)";
				SWIFT_EMIT_LOC_STRINGS = YES;
				SWIFT_VERSION = 5.0;
				TARGETED_DEVICE_FAMILY = "1,2";
			};
			name = Debug;
		};
		1DB5C2852CB5AEAC008F4F9A /* Release */ = {
			isa = XCBuildConfiguration;
			buildSettings = {
				ASSETCATALOG_COMPILER_APPICON_NAME = AppIcon;
				ASSETCATALOG_COMPILER_GLOBAL_ACCENT_COLOR_NAME = AccentColor;
				CODE_SIGN_STYLE = Automatic;
				CURRENT_PROJECT_VERSION = 1;
				DEVELOPMENT_ASSET_PATHS = "\"FlashCards/Preview Content\"";
				ENABLE_PREVIEWS = YES;
				GENERATE_INFOPLIST_FILE = YES;
				INFOPLIST_KEY_UIApplicationSceneManifest_Generation = YES;
				INFOPLIST_KEY_UIApplicationSupportsIndirectInputEvents = YES;
				INFOPLIST_KEY_UILaunchScreen_Generation = YES;
				INFOPLIST_KEY_UISupportedInterfaceOrientations = "UIInterfaceOrientationLandscapeLeft UIInterfaceOrientationLandscapeRight";
				LD_RUNPATH_SEARCH_PATHS = (
					"$(inherited)",
					"@executable_path/Frameworks",
				);
				MARKETING_VERSION = 1.0;
				PRODUCT_BUNDLE_IDENTIFIER = com.naveed.flashcards.FlashCards;
				PRODUCT_NAME = "$(TARGET_NAME)";
				SWIFT_EMIT_LOC_STRINGS = YES;
				SWIFT_VERSION = 5.0;
				TARGETED_DEVICE_FAMILY = "1,2";
			};
			name = Release;
		};
		1DB5C2872CB5AEAC008F4F9A /* Debug */ = {
			isa = XCBuildConfiguration;
			buildSettings = {
				ALWAYS_EMBED_SWIFT_STANDARD_LIBRARIES = YES;
				BUNDLE_LOADER = "$(TEST_HOST)";
				CODE_SIGN_STYLE = Automatic;
				CURRENT_PROJECT_VERSION = 1;
				GENERATE_INFOPLIST_FILE = YES;
				IPHONEOS_DEPLOYMENT_TARGET = 17.0;
				MARKETING_VERSION = 1.0;
				PRODUCT_BUNDLE_IDENTIFIER = com.naveed.flashcards.FlashCardsTests;
				PRODUCT_NAME = "$(TARGET_NAME)";
				SWIFT_EMIT_LOC_STRINGS = NO;
				SWIFT_VERSION = 5.0;
				TARGETED_DEVICE_FAMILY = "1,2";
				TEST_HOST = "$(BUILT_PRODUCTS_DIR)/FlashCards.app/$(BUNDLE_EXECUTABLE_FOLDER_PATH)/FlashCards";
			};
			name = Debug;
		};
		1DB5C2882CB5AEAC008F4F9A /* Release */ = {
			isa = XCBuildConfiguration;
			buildSettings = {
				ALWAYS_EMBED_SWIFT_STANDARD_LIBRARIES = YES;
				BUNDLE_LOADER = "$(TEST_HOST)";
				CODE_SIGN_STYLE = Automatic;
				CURRENT_PROJECT_VERSION = 1;
				GENERATE_INFOPLIST_FILE = YES;
				IPHONEOS_DEPLOYMENT_TARGET = 17.0;
				MARKETING_VERSION = 1.0;
				PRODUCT_BUNDLE_IDENTIFIER = com.naveed.flashcards.FlashCardsTests;
				PRODUCT_NAME = "$(TARGET_NAME)";
				SWIFT_EMIT_LOC_STRINGS = NO;
				SWIFT_VERSION = 5.0;
				TARGETED_DEVICE_FAMILY = "1,2";
				TEST_HOST = "$(BUILT_PRODUCTS_DIR)/FlashCards.app/$(BUNDLE_EXECUTABLE_FOLDER_PATH)/FlashCards";
			};
			name = Release;
		};
		1DB5C28A2CB5AEAC008F4F9A /* Debug */ = {
			isa = XCBuildConfiguration;
			buildSettings = {
				ALWAYS_EMBED_SWIFT_STANDARD_LIBRARIES = YES;
				CODE_SIGN_STYLE = Automatic;
				CURRENT_PROJECT_VERSION = 1;
				GENERATE_INFOPLIST_FILE = YES;
				MARKETING_VERSION = 1.0;
				PRODUCT_BUNDLE_IDENTIFIER = com.naveed.flashcards.FlashCardsUITests;
				PRODUCT_NAME = "$(TARGET_NAME)";
				SWIFT_EMIT_LOC_STRINGS = NO;
				SWIFT_VERSION = 5.0;
				TARGETED_DEVICE_FAMILY = "1,2";
				TEST_TARGET_NAME = FlashCards;
			};
			name = Debug;
		};
		1DB5C28B2CB5AEAC008F4F9A /* Release */ = {
			isa = XCBuildConfiguration;
			buildSettings = {
				ALWAYS_EMBED_SWIFT_STANDARD_LIBRARIES = YES;
				CODE_SIGN_STYLE = Automatic;
				CURRENT_PROJECT_VERSION = 1;
				GENERATE_INFOPLIST_FILE = YES;
				MARKETING_VERSION = 1.0;
				PRODUCT_BUNDLE_IDENTIFIER = com.naveed.flashcards.FlashCardsUITests;
				PRODUCT_NAME = "$(TARGET_NAME)";
				SWIFT_EMIT_LOC_STRINGS = NO;
				SWIFT_VERSION = 5.0;
				TARGETED_DEVICE_FAMILY = "1,2";
				TEST_TARGET_NAME = FlashCards;
			};
			name = Release;
		};
/* End XCBuildConfiguration section */

/* Begin XCConfigurationList section */
		1DB5C25A2CB5AEAB008F4F9A /* Build configuration list for PBXProject "FlashCards" */ = {
			isa = XCConfigurationList;
			buildConfigurations = (
				1DB5C2812CB5AEAC008F4F9A /* Debug */,
				1DB5C2822CB5AEAC008F4F9A /* Release */,
			);
			defaultConfigurationIsVisible = 0;
			defaultConfigurationName = Release;
		};
		1DB5C2832CB5AEAC008F4F9A /* Build configuration list for PBXNativeTarget "FlashCards" */ = {
			isa = XCConfigurationList;
			buildConfigurations = (
				1DB5C2842CB5AEAC008F4F9A /* Debug */,
				1DB5C2852CB5AEAC008F4F9A /* Release */,
			);
			defaultConfigurationIsVisible = 0;
			defaultConfigurationName = Release;
		};
		1DB5C2862CB5AEAC008F4F9A /* Build configuration list for PBXNativeTarget "FlashCardsTests" */ = {
			isa = XCConfigurationList;
			buildConfigurations = (
				1DB5C2872CB5AEAC008F4F9A /* Debug */,
				1DB5C2882CB5AEAC008F4F9A /* Release */,
			);
			defaultConfigurationIsVisible = 0;
			defaultConfigurationName = Release;
		};
		1DB5C2892CB5AEAC008F4F9A /* Build configuration list for PBXNativeTarget "FlashCardsUITests" */ = {
			isa = XCConfigurationList;
			buildConfigurations = (
				1DB5C28A2CB5AEAC008F4F9A /* Debug */,
				1DB5C28B2CB5AEAC008F4F9A /* Release */,
			);
			defaultConfigurationIsVisible = 0;
			defaultConfigurationName = Release;
		};
/* End XCConfigurationList section */
	};
	rootObject = 1DB5C2572CB5AEAB008F4F9A /* Project object */;
}
